
Microsoft Visual Studio Solution File, Format Version 12.00
# Visual Studio Version 16
VisualStudioVersion = 16.0.32901.82
MinimumVisualStudioVersion = 10.0.40219.1
Project("{FAE04EC0-301F-11D3-BF4B-00C04F79EFBC}") = "WpfApp74", "WpfApp74.csproj", "{A13E8F1D-F0C0-484E-9546-BA3AA1BDF1CE}"
EndProject
Global
	GlobalSection(SolutionConfigurationPlatforms) = preSolution
		Debug|Any CPU = Debug|Any CPU
		Release|Any CPU = Release|Any CPU
	EndGlobalSection
	GlobalSection(ProjectConfigurationPlatforms) = postSolution
		{A13E8F1D-F0C0-484E-9546-BA3AA1BDF1CE}.Debug|Any CPU.ActiveCfg = Debug|Any CPU
		{A13E8F1D-F0C0-484E-9546-BA3AA1BDF1CE}.Debug|Any CPU.Build.0 = Debug|Any CPU
		{A13E8F1D-F0C0-484E-9546-BA3AA1BDF1CE}.Release|Any CPU.ActiveCfg = Release|Any CPU
		{A13E8F1D-F0C0-484E-9546-BA3AA1BDF1CE}.Release|Any CPU.Build.0 = Release|Any CPU
	EndGlobalSection
	GlobalSection(SolutionProperties) = preSolution
		HideSolutionNode = FALSE
	EndGlobalSection
	GlobalSection(ExtensibilityGlobals) = postSolution
		SolutionGuid = {519021B9-B76C-411B-B65B-92DD758E19D0}
	EndGlobalSection
EndGlobal
